
Microsoft Visual Studio Solution File, Format Version 12.00
# Visual Studio 15
VisualStudioVersion = 15.0.28307.645
MinimumVisualStudioVersion = 10.0.40219.1
Project("{FAE04EC0-301F-11D3-BF4B-00C04F79EFBC}") = "MrcheTrekking.Android", "MrcheTrekking\MrcheTrekking.Android\MrcheTrekking.Android.csproj", "{423371D9-E730-4946-AA04-D665E997F2E5}"
EndProject
Project("{FAE04EC0-301F-11D3-BF4B-00C04F79EFBC}") = "MrcheTrekking.iOS", "MrcheTrekking\MrcheTrekking.iOS\MrcheTrekking.iOS.csproj", "{C936700B-96F3-4D79-B1C0-AD5CC598A255}"
EndProject
Project("{9A19103F-16F7-4668-BE54-9A1E7A4F7556}") = "MrcheTrekking", "MrcheTrekking\MrcheTrekking\MrcheTrekking.csproj", "{51AFA378-682A-4B74-BAEB-5D776AB622AE}"
EndProject
Global
	GlobalSection(SolutionConfigurationPlatforms) = preSolution
		Ad-Hoc|Any CPU = Ad-Hoc|Any CPU
		Ad-Hoc|iPhone = Ad-Hoc|iPhone
		Ad-Hoc|iPhoneSimulator = Ad-Hoc|iPhoneSimulator
		AppStore|Any CPU = AppStore|Any CPU
		AppStore|iPhone = AppStore|iPhone
		AppStore|iPhoneSimulator = AppStore|iPhoneSimulator
		Debug|Any CPU = Debug|Any CPU
		Debug|iPhone = Debug|iPhone
		Debug|iPhoneSimulator = Debug|iPhoneSimulator
		Release|Any CPU = Release|Any CPU
		Release|iPhone = Release|iPhone
		Release|iPhoneSimulator = Release|iPhoneSimulator
	EndGlobalSection
	GlobalSection(ProjectConfigurationPlatforms) = postSolution
		{423371D9-E730-4946-AA04-D665E997F2E5}.Ad-Hoc|Any CPU.ActiveCfg = Release|Any CPU
		{423371D9-E730-4946-AA04-D665E997F2E5}.Ad-Hoc|Any CPU.Build.0 = Release|Any CPU
		{423371D9-E730-4946-AA04-D665E997F2E5}.Ad-Hoc|Any CPU.Deploy.0 = Release|Any CPU
		{423371D9-E730-4946-AA04-D665E997F2E5}.Ad-Hoc|iPhone.ActiveCfg = Release|Any CPU
		{423371D9-E730-4946-AA04-D665E997F2E5}.Ad-Hoc|iPhone.Build.0 = Release|Any CPU
		{423371D9-E730-4946-AA04-D665E997F2E5}.Ad-Hoc|iPhone.Deploy.0 = Release|Any CPU
		{423371D9-E730-4946-AA04-D665E997F2E5}.Ad-Hoc|iPhoneSimulator.ActiveCfg = Release|Any CPU
		{423371D9-E730-4946-AA04-D665E997F2E5}.Ad-Hoc|iPhoneSimulator.Build.0 = Release|Any CPU
		{423371D9-E730-4946-AA04-D665E997F2E5}.Ad-Hoc|iPhoneSimulator.Deploy.0 = Release|Any CPU
		{423371D9-E730-4946-AA04-D665E997F2E5}.AppStore|Any CPU.ActiveCfg = Release|Any CPU
		{423371D9-E730-4946-AA04-D665E997F2E5}.AppStore|Any CPU.Build.0 = Release|Any CPU
		{423371D9-E730-4946-AA04-D665E997F2E5}.AppStore|Any CPU.Deploy.0 = Release|Any CPU
		{423371D9-E730-4946-AA04-D665E997F2E5}.AppStore|iPhone.ActiveCfg = Release|Any CPU
		{423371D9-E730-4946-AA04-D665E997F2E5}.AppStore|iPhone.Build.0 = Release|Any CPU
		{423371D9-E730-4946-AA04-D665E997F2E5}.AppStore|iPhone.Deploy.0 = Release|Any CPU
		{423371D9-E730-4946-AA04-D665E997F2E5}.AppStore|iPhoneSimulator.ActiveCfg = Release|Any CPU
		{423371D9-E730-4946-AA04-D665E997F2E5}.AppStore|iPhoneSimulator.Build.0 = Release|Any CPU
		{423371D9-E730-4946-AA04-D665E997F2E5}.AppStore|iPhoneSimulator.Deploy.0 = Release|Any CPU
		{423371D9-E730-4946-AA04-D665E997F2E5}.Debug|Any CPU.ActiveCfg = Debug|Any CPU
		{423371D9-E730-4946-AA04-D665E997F2E5}.Debug|Any CPU.Build.0 = Debug|Any CPU
		{423371D9-E730-4946-AA04-D665E997F2E5}.Debug|Any CPU.Deploy.0 = Debug|Any CPU
		{423371D9-E730-4946-AA04-D665E997F2E5}.Debug|iPhone.ActiveCfg = Debug|Any CPU
		{423371D9-E730-4946-AA04-D665E997F2E5}.Debug|iPhone.Build.0 = Debug|Any CPU
		{423371D9-E730-4946-AA04-D665E997F2E5}.Debug|iPhone.Deploy.0 = Debug|Any CPU
		{423371D9-E730-4946-AA04-D665E997F2E5}.Debug|iPhoneSimulator.ActiveCfg = Debug|Any CPU
		{423371D9-E730-4946-AA04-D665E997F2E5}.Debug|iPhoneSimulator.Build.0 = Debug|Any CPU
		{423371D9-E730-4946-AA04-D665E997F2E5}.Debug|iPhoneSimulator.Deploy.0 = Debug|Any CPU
		{423371D9-E730-4946-AA04-D665E997F2E5}.Release|Any CPU.ActiveCfg = Release|Any CPU
		{423371D9-E730-4946-AA04-D665E997F2E5}.Release|Any CPU.Build.0 = Release|Any CPU
		{423371D9-E730-4946-AA04-D665E997F2E5}.Release|Any CPU.Deploy.0 = Release|Any CPU
		{423371D9-E730-4946-AA04-D665E997F2E5}.Release|iPhone.ActiveCfg = Release|Any CPU
		{423371D9-E730-4946-AA04-D665E997F2E5}.Release|iPhone.Build.0 = Release|Any CPU
		{423371D9-E730-4946-AA04-D665E997F2E5}.Release|iPhone.Deploy.0 = Release|Any CPU
		{423371D9-E730-4946-AA04-D665E997F2E5}.Release|iPhoneSimulator.ActiveCfg = Release|Any CPU
		{423371D9-E730-4946-AA04-D665E997F2E5}.Release|iPhoneSimulator.Build.0 = Release|Any CPU
		{423371D9-E730-4946-AA04-D665E997F2E5}.Release|iPhoneSimulator.Deploy.0 = Release|Any CPU
		{C936700B-96F3-4D79-B1C0-AD5CC598A255}.Ad-Hoc|Any CPU.ActiveCfg = Ad-Hoc|iPhone
		{C936700B-96F3-4D79-B1C0-AD5CC598A255}.Ad-Hoc|Any CPU.Build.0 = Ad-Hoc|iPhone
		{C936700B-96F3-4D79-B1C0-AD5CC598A255}.Ad-Hoc|Any CPU.Deploy.0 = Ad-Hoc|iPhone
		{C936700B-96F3-4D79-B1C0-AD5CC598A255}.Ad-Hoc|iPhone.ActiveCfg = Ad-Hoc|iPhone
		{C936700B-96F3-4D79-B1C0-AD5CC598A255}.Ad-Hoc|iPhone.Build.0 = Ad-Hoc|iPhone
		{C936700B-96F3-4D79-B1C0-AD5CC598A255}.Ad-Hoc|iPhone.Deploy.0 = Ad-Hoc|iPhone
		{C936700B-96F3-4D79-B1C0-AD5CC598A255}.Ad-Hoc|iPhoneSimulator.ActiveCfg = Ad-Hoc|iPhoneSimulator
		{C936700B-96F3-4D79-B1C0-AD5CC598A255}.Ad-Hoc|iPhoneSimulator.Build.0 = Ad-Hoc|iPhoneSimulator
		{C936700B-96F3-4D79-B1C0-AD5CC598A255}.Ad-Hoc|iPhoneSimulator.Deploy.0 = Ad-Hoc|iPhoneSimulator
		{C936700B-96F3-4D79-B1C0-AD5CC598A255}.AppStore|Any CPU.ActiveCfg = AppStore|iPhone
		{C936700B-96F3-4D79-B1C0-AD5CC598A255}.AppStore|Any CPU.Build.0 = AppStore|iPhone
		{C936700B-96F3-4D79-B1C0-AD5CC598A255}.AppStore|Any CPU.Deploy.0 = AppStore|iPhone
		{C936700B-96F3-4D79-B1C0-AD5CC598A255}.AppStore|iPhone.ActiveCfg = AppStore|iPhone
		{C936700B-96F3-4D79-B1C0-AD5CC598A255}.AppStore|iPhone.Build.0 = AppStore|iPhone
		{C936700B-96F3-4D79-B1C0-AD5CC598A255}.AppStore|iPhone.Deploy.0 = AppStore|iPhone
		{C936700B-96F3-4D79-B1C0-AD5CC598A255}.AppStore|iPhoneSimulator.ActiveCfg = AppStore|iPhoneSimulator
		{C936700B-96F3-4D79-B1C0-AD5CC598A255}.AppStore|iPhoneSimulator.Build.0 = AppStore|iPhoneSimulator
		{C936700B-96F3-4D79-B1C0-AD5CC598A255}.AppStore|iPhoneSimulator.Deploy.0 = AppStore|iPhoneSimulator
		{C936700B-96F3-4D79-B1C0-AD5CC598A255}.Debug|Any CPU.ActiveCfg = Debug|iPhoneSimulator
		{C936700B-96F3-4D79-B1C0-AD5CC598A255}.Debug|Any CPU.Build.0 = Debug|iPhoneSimulator
		{C936700B-96F3-4D79-B1C0-AD5CC598A255}.Debug|Any CPU.Deploy.0 = Debug|iPhoneSimulator
		{C936700B-96F3-4D79-B1C0-AD5CC598A255}.Debug|iPhone.ActiveCfg = Debug|iPhone
		{C936700B-96F3-4D79-B1C0-AD5CC598A255}.Debug|iPhone.Build.0 = Debug|iPhone
		{C936700B-96F3-4D79-B1C0-AD5CC598A255}.Debug|iPhone.Deploy.0 = Debug|iPhone
		{C936700B-96F3-4D79-B1C0-AD5CC598A255}.Debug|iPhoneSimulator.ActiveCfg = Debug|iPhoneSimulator
		{C936700B-96F3-4D79-B1C0-AD5CC598A255}.Debug|iPhoneSimulator.Build.0 = Debug|iPhoneSimulator
		{C936700B-96F3-4D79-B1C0-AD5CC598A255}.Debug|iPhoneSimulator.Deploy.0 = Debug|iPhoneSimulator
		{C936700B-96F3-4D79-B1C0-AD5CC598A255}.Release|Any CPU.ActiveCfg = Release|iPhone
		{C936700B-96F3-4D79-B1C0-AD5CC598A255}.Release|Any CPU.Build.0 = Release|iPhone
		{C936700B-96F3-4D79-B1C0-AD5CC598A255}.Release|Any CPU.Deploy.0 = Release|iPhone
		{C936700B-96F3-4D79-B1C0-AD5CC598A255}.Release|iPhone.ActiveCfg = Release|iPhone
		{C936700B-96F3-4D79-B1C0-AD5CC598A255}.Release|iPhone.Build.0 = Release|iPhone
		{C936700B-96F3-4D79-B1C0-AD5CC598A255}.Release|iPhone.Deploy.0 = Release|iPhone
		{C936700B-96F3-4D79-B1C0-AD5CC598A255}.Release|iPhoneSimulator.ActiveCfg = Release|iPhoneSimulator
		{C936700B-96F3-4D79-B1C0-AD5CC598A255}.Release|iPhoneSimulator.Build.0 = Release|iPhoneSimulator
		{C936700B-96F3-4D79-B1C0-AD5CC598A255}.Release|iPhoneSimulator.Deploy.0 = Release|iPhoneSimulator
		{51AFA378-682A-4B74-BAEB-5D776AB622AE}.Ad-Hoc|Any CPU.ActiveCfg = Debug|Any CPU
		{51AFA378-682A-4B74-BAEB-5D776AB622AE}.Ad-Hoc|Any CPU.Build.0 = Debug|Any CPU
		{51AFA378-682A-4B74-BAEB-5D776AB622AE}.Ad-Hoc|Any CPU.Deploy.0 = Debug|Any CPU
		{51AFA378-682A-4B74-BAEB-5D776AB622AE}.Ad-Hoc|iPhone.ActiveCfg = Debug|Any CPU
		{51AFA378-682A-4B74-BAEB-5D776AB622AE}.Ad-Hoc|iPhone.Build.0 = Debug|Any CPU
		{51AFA378-682A-4B74-BAEB-5D776AB622AE}.Ad-Hoc|iPhone.Deploy.0 = Debug|Any CPU
		{51AFA378-682A-4B74-BAEB-5D776AB622AE}.Ad-Hoc|iPhoneSimulator.ActiveCfg = Debug|Any CPU
		{51AFA378-682A-4B74-BAEB-5D776AB622AE}.Ad-Hoc|iPhoneSimulator.Build.0 = Debug|Any CPU
		{51AFA378-682A-4B74-BAEB-5D776AB622AE}.Ad-Hoc|iPhoneSimulator.Deploy.0 = Debug|Any CPU
		{51AFA378-682A-4B74-BAEB-5D776AB622AE}.AppStore|Any CPU.ActiveCfg = Debug|Any CPU
		{51AFA378-682A-4B74-BAEB-5D776AB622AE}.AppStore|Any CPU.Build.0 = Debug|Any CPU
		{51AFA378-682A-4B74-BAEB-5D776AB622AE}.AppStore|Any CPU.Deploy.0 = Debug|Any CPU
		{51AFA378-682A-4B74-BAEB-5D776AB622AE}.AppStore|iPhone.ActiveCfg = Debug|Any CPU
		{51AFA378-682A-4B74-BAEB-5D776AB622AE}.AppStore|iPhone.Build.0 = Debug|Any CPU
		{51AFA378-682A-4B74-BAEB-5D776AB622AE}.AppStore|iPhone.Deploy.0 = Debug|Any CPU
		{51AFA378-682A-4B74-BAEB-5D776AB622AE}.AppStore|iPhoneSimulator.ActiveCfg = Debug|Any CPU
		{51AFA378-682A-4B74-BAEB-5D776AB622AE}.AppStore|iPhoneSimulator.Build.0 = Debug|Any CPU
		{51AFA378-682A-4B74-BAEB-5D776AB622AE}.AppStore|iPhoneSimulator.Deploy.0 = Debug|Any CPU
		{51AFA378-682A-4B74-BAEB-5D776AB622AE}.Debug|Any CPU.ActiveCfg = Debug|Any CPU
		{51AFA378-682A-4B74-BAEB-5D776AB622AE}.Debug|Any CPU.Build.0 = Debug|Any CPU
		{51AFA378-682A-4B74-BAEB-5D776AB622AE}.Debug|Any CPU.Deploy.0 = Debug|Any CPU
		{51AFA378-682A-4B74-BAEB-5D776AB622AE}.Debug|iPhone.ActiveCfg = Debug|Any CPU
		{51AFA378-682A-4B74-BAEB-5D776AB622AE}.Debug|iPhone.Build.0 = Debug|Any CPU
		{51AFA378-682A-4B74-BAEB-5D776AB622AE}.Debug|iPhone.Deploy.0 = Debug|Any CPU
		{51AFA378-682A-4B74-BAEB-5D776AB622AE}.Debug|iPhoneSimulator.ActiveCfg = Debug|Any CPU
		{51AFA378-682A-4B74-BAEB-5D776AB622AE}.Debug|iPhoneSimulator.Build.0 = Debug|Any CPU
		{51AFA378-682A-4B74-BAEB-5D776AB622AE}.Debug|iPhoneSimulator.Deploy.0 = Debug|Any CPU
		{51AFA378-682A-4B74-BAEB-5D776AB622AE}.Release|Any CPU.ActiveCfg = Release|Any CPU
		{51AFA378-682A-4B74-BAEB-5D776AB622AE}.Release|Any CPU.Build.0 = Release|Any CPU
		{51AFA378-682A-4B74-BAEB-5D776AB622AE}.Release|Any CPU.Deploy.0 = Release|Any CPU
		{51AFA378-682A-4B74-BAEB-5D776AB622AE}.Release|iPhone.ActiveCfg = Release|Any CPU
		{51AFA378-682A-4B74-BAEB-5D776AB622AE}.Release|iPhone.Build.0 = Release|Any CPU
		{51AFA378-682A-4B74-BAEB-5D776AB622AE}.Release|iPhone.Deploy.0 = Release|Any CPU
		{51AFA378-682A-4B74-BAEB-5D776AB622AE}.Release|iPhoneSimulator.ActiveCfg = Release|Any CPU
		{51AFA378-682A-4B74-BAEB-5D776AB622AE}.Release|iPhoneSimulator.Build.0 = Release|Any CPU
		{51AFA378-682A-4B74-BAEB-5D776AB622AE}.Release|iPhoneSimulator.Deploy.0 = Release|Any CPU
	EndGlobalSection
	GlobalSection(SolutionProperties) = preSolution
		HideSolutionNode = FALSE
	EndGlobalSection
	GlobalSection(ExtensibilityGlobals) = postSolution
		SolutionGuid = {782C8091-08B5-4AD1-8F68-ABF64A482ED7}
	EndGlobalSection
EndGlobal
